{
  "version": 4,
  "terraform_version": "1.7.4",
  "serial": 1,
  "lineage": "8bf6a981-7d5b-ed23-2ae1-5a8435565473",
  "outputs": {},
  "resources": [
    {
      "module": "module.alert_policy",
      "mode": "managed",
      "type": "newrelic_alert_policy",
      "name": "this",
      "provider": "module.alert_policy.provider[\"registry.terraform.io/newrelic/newrelic\"]",
      "instances": [
        {
          "index_key": 0,
          "schema_version": 0,
          "attributes": {
            "account_id": 4438266,
            "channel_ids": null,
            "id": "5481785",
            "incident_preference": "PER_POLICY",
            "name": "My Alert Policy"
          },
          "sensitive_attributes": [],
          "private": "bnVsbA=="
        }
      ]
    }
  ],
  "check_results": null
}
